
Microsoft Visual Studio Solution File, Format Version 12.00
# Visual Studio Version 17
VisualStudioVersion = 17.2.32630.192
MinimumVisualStudioVersion = 10.0.40219.1
Project("{FAE04EC0-301F-11D3-BF4B-00C04F79EFBC}") = "ConsoleApp1", "ConsoleApp1\ConsoleApp1.csproj", "{0353C565-66BC-4970-8649-5A8E83200423}"
EndProject
Global
	GlobalSection(SolutionConfigurationPlatforms) = preSolution
		Debug|Any CPU = Debug|Any CPU
		Release|Any CPU = Release|Any CPU
	EndGlobalSection
	GlobalSection(ProjectConfigurationPlatforms) = postSolution
		{0353C565-66BC-4970-8649-5A8E83200423}.Debug|Any CPU.ActiveCfg = Debug|Any CPU
		{0353C565-66BC-4970-8649-5A8E83200423}.Debug|Any CPU.Build.0 = Debug|Any CPU
		{0353C565-66BC-4970-8649-5A8E83200423}.Release|Any CPU.ActiveCfg = Release|Any CPU
		{0353C565-66BC-4970-8649-5A8E83200423}.Release|Any CPU.Build.0 = Release|Any CPU
	EndGlobalSection
	GlobalSection(SolutionProperties) = preSolution
		HideSolutionNode = FALSE
	EndGlobalSection
	GlobalSection(ExtensibilityGlobals) = postSolution
		SolutionGuid = {6092F645-BE6D-4A31-9CC3-C3547960B410}
	EndGlobalSection
EndGlobal
